
Microsoft Visual Studio Solution File, Format Version 12.00
# Visual Studio 15
VisualStudioVersion = 15.0.26430.13
MinimumVisualStudioVersion = 10.0.40219.1
Project("{FAE04EC0-301F-11D3-BF4B-00C04F79EFBC}") = "Wcivy.Data.Dapper", "Wcivy.Data.Dapper\Wcivy.Data.Dapper.csproj", "{688F757A-A73D-4624-9941-A4F8CBFBADD4}"
EndProject
Project("{FAE04EC0-301F-11D3-BF4B-00C04F79EFBC}") = "Test", "Test\Test.csproj", "{9B4E74A3-E972-46D8-8A9F-030C91C0F60A}"
EndProject
Global
	GlobalSection(SolutionConfigurationPlatforms) = preSolution
		Debug|Any CPU = Debug|Any CPU
		Release|Any CPU = Release|Any CPU
	EndGlobalSection
	GlobalSection(ProjectConfigurationPlatforms) = postSolution
		{688F757A-A73D-4624-9941-A4F8CBFBADD4}.Debug|Any CPU.ActiveCfg = Debug|Any CPU
		{688F757A-A73D-4624-9941-A4F8CBFBADD4}.Debug|Any CPU.Build.0 = Debug|Any CPU
		{688F757A-A73D-4624-9941-A4F8CBFBADD4}.Release|Any CPU.ActiveCfg = Release|Any CPU
		{688F757A-A73D-4624-9941-A4F8CBFBADD4}.Release|Any CPU.Build.0 = Release|Any CPU
		{9B4E74A3-E972-46D8-8A9F-030C91C0F60A}.Debug|Any CPU.ActiveCfg = Debug|Any CPU
		{9B4E74A3-E972-46D8-8A9F-030C91C0F60A}.Debug|Any CPU.Build.0 = Debug|Any CPU
		{9B4E74A3-E972-46D8-8A9F-030C91C0F60A}.Release|Any CPU.ActiveCfg = Release|Any CPU
		{9B4E74A3-E972-46D8-8A9F-030C91C0F60A}.Release|Any CPU.Build.0 = Release|Any CPU
	EndGlobalSection
	GlobalSection(SolutionProperties) = preSolution
		HideSolutionNode = FALSE
	EndGlobalSection
EndGlobal
